
Microsoft Visual Studio Solution File, Format Version 12.00
# Visual Studio Version 17
VisualStudioVersion = 17.4.33213.308
MinimumVisualStudioVersion = 10.0.40219.1
Project("{FAE04EC0-301F-11D3-BF4B-00C04F79EFBC}") = "aula10.1", "aula10.1\aula10.1.csproj", "{27EA6EEF-FF60-487C-BE45-3C9E7BB2DA41}"
EndProject
Global
	GlobalSection(SolutionConfigurationPlatforms) = preSolution
		Debug|Any CPU = Debug|Any CPU
		Release|Any CPU = Release|Any CPU
	EndGlobalSection
	GlobalSection(ProjectConfigurationPlatforms) = postSolution
		{27EA6EEF-FF60-487C-BE45-3C9E7BB2DA41}.Debug|Any CPU.ActiveCfg = Debug|Any CPU
		{27EA6EEF-FF60-487C-BE45-3C9E7BB2DA41}.Debug|Any CPU.Build.0 = Debug|Any CPU
		{27EA6EEF-FF60-487C-BE45-3C9E7BB2DA41}.Release|Any CPU.ActiveCfg = Release|Any CPU
		{27EA6EEF-FF60-487C-BE45-3C9E7BB2DA41}.Release|Any CPU.Build.0 = Release|Any CPU
	EndGlobalSection
	GlobalSection(SolutionProperties) = preSolution
		HideSolutionNode = FALSE
	EndGlobalSection
	GlobalSection(ExtensibilityGlobals) = postSolution
		SolutionGuid = {1294F12D-754B-4C19-99A8-B9478E2D5D25}
	EndGlobalSection
EndGlobal
